// !$*UTF8*$!
{
	archiveVersion = 1;
	classes = {
	};
	objectVersion = 56;
	objects = {

/* Begin PBXBuildFile section */
		469EFE452BCC62220098EF05 /* AddDiary.swift in Sources */ = {isa = PBXBuildFile; fileRef = 469EFE442BCC62220098EF05 /* AddDiary.swift */; };
		46C1171C2BCD432F00DFB0C9 /* TodayDiary.swift in Sources */ = {isa = PBXBuildFile; fileRef = 46C1171B2BCD432F00DFB0C9 /* TodayDiary.swift */; };
		46C117202BCD8DE300DFB0C9 /* DiarySection.swift in Sources */ = {isa = PBXBuildFile; fileRef = 46C1171F2BCD8DE200DFB0C9 /* DiarySection.swift */; };
		46C1172B2BCE53FF00DFB0C9 /* DiaryStructure.swift in Sources */ = {isa = PBXBuildFile; fileRef = 46C1172A2BCE53FF00DFB0C9 /* DiaryStructure.swift */; };
		46C117332BCF0D4000DFB0C9 /* MoodPopup.swift in Sources */ = {isa = PBXBuildFile; fileRef = 46C117322BCF0D4000DFB0C9 /* MoodPopup.swift */; };
		46C117392BCF3E2700DFB0C9 /* View2.swift in Sources */ = {isa = PBXBuildFile; fileRef = 46C117382BCF3E2700DFB0C9 /* View2.swift */; };
		46C1173B2BCF3E3100DFB0C9 /* View3.swift in Sources */ = {isa = PBXBuildFile; fileRef = 46C1173A2BCF3E3100DFB0C9 /* View3.swift */; };
		46C1173D2BCF3E6300DFB0C9 /* ContentView2.swift in Sources */ = {isa = PBXBuildFile; fileRef = 46C1173C2BCF3E6300DFB0C9 /* ContentView2.swift */; };
		46C117432BCFAA4900DFB0C9 /* Listing.swift in Sources */ = {isa = PBXBuildFile; fileRef = 46C117422BCFAA4900DFB0C9 /* Listing.swift */; };
		46C117452BCFADAC00DFB0C9 /* DeveloperPreview.swift in Sources */ = {isa = PBXBuildFile; fileRef = 46C117442BCFADAC00DFB0C9 /* DeveloperPreview.swift */; };
		46C1174A2BCFBA3300DFB0C9 /* ExploreViewModel.swift in Sources */ = {isa = PBXBuildFile; fileRef = 46C117492BCFBA3300DFB0C9 /* ExploreViewModel.swift */; };
		46C1174C2BCFBA7E00DFB0C9 /* ExploreSerivce.swift in Sources */ = {isa = PBXBuildFile; fileRef = 46C1174B2BCFBA7E00DFB0C9 /* ExploreSerivce.swift */; };
		46C117512BD0286D00DFB0C9 /* Italiana-Regular.ttf in Resources */ = {isa = PBXBuildFile; fileRef = 46C117502BD0286D00DFB0C9 /* Italiana-Regular.ttf */; };
		46C117542BD06BC600DFB0C9 /* PastDiary.swift in Sources */ = {isa = PBXBuildFile; fileRef = 46C117532BD06BC600DFB0C9 /* PastDiary.swift */; };
		46EE13B22BCC071A00119B68 /* POVApp.swift in Sources */ = {isa = PBXBuildFile; fileRef = 46EE13B12BCC071A00119B68 /* POVApp.swift */; };
		46EE13B42BCC071A00119B68 /* ContentView.swift in Sources */ = {isa = PBXBuildFile; fileRef = 46EE13B32BCC071A00119B68 /* ContentView.swift */; };
		46EE13B62BCC071B00119B68 /* Assets.xcassets in Resources */ = {isa = PBXBuildFile; fileRef = 46EE13B52BCC071B00119B68 /* Assets.xcassets */; };
		46EE13B92BCC071B00119B68 /* Preview Assets.xcassets in Resources */ = {isa = PBXBuildFile; fileRef = 46EE13B82BCC071B00119B68 /* Preview Assets.xcassets */; };
		46EE13D12BCC089C00119B68 /* ExploreView.swift in Sources */ = {isa = PBXBuildFile; fileRef = 46EE13D02BCC089C00119B68 /* ExploreView.swift */; };
		46EE13D52BCC124E00119B68 /* ListingDiaryView.swift in Sources */ = {isa = PBXBuildFile; fileRef = 46EE13D42BCC124E00119B68 /* ListingDiaryView.swift */; };
/* End PBXBuildFile section */

/* Begin PBXFileReference section */
		469EFE442BCC62220098EF05 /* AddDiary.swift */ = {isa = PBXFileReference; lastKnownFileType = sourcecode.swift; path = AddDiary.swift; sourceTree = "<group>"; };
		46C1171B2BCD432F00DFB0C9 /* TodayDiary.swift */ = {isa = PBXFileReference; lastKnownFileType = sourcecode.swift; path = TodayDiary.swift; sourceTree = "<group>"; };
		46C1171F2BCD8DE200DFB0C9 /* DiarySection.swift */ = {isa = PBXFileReference; lastKnownFileType = sourcecode.swift; path = DiarySection.swift; sourceTree = "<group>"; };
		46C1172A2BCE53FF00DFB0C9 /* DiaryStructure.swift */ = {isa = PBXFileReference; lastKnownFileType = sourcecode.swift; path = DiaryStructure.swift; sourceTree = "<group>"; };
		46C117322BCF0D4000DFB0C9 /* MoodPopup.swift */ = {isa = PBXFileReference; lastKnownFileType = sourcecode.swift; path = MoodPopup.swift; sourceTree = "<group>"; };
		46C117382BCF3E2700DFB0C9 /* View2.swift */ = {isa = PBXFileReference; lastKnownFileType = sourcecode.swift; path = View2.swift; sourceTree = "<group>"; };
		46C1173A2BCF3E3100DFB0C9 /* View3.swift */ = {isa = PBXFileReference; lastKnownFileType = sourcecode.swift; path = View3.swift; sourceTree = "<group>"; };
		46C1173C2BCF3E6300DFB0C9 /* ContentView2.swift */ = {isa = PBXFileReference; lastKnownFileType = sourcecode.swift; path = ContentView2.swift; sourceTree = "<group>"; };
		46C117422BCFAA4900DFB0C9 /* Listing.swift */ = {isa = PBXFileReference; lastKnownFileType = sourcecode.swift; path = Listing.swift; sourceTree = "<group>"; };
		46C117442BCFADAC00DFB0C9 /* DeveloperPreview.swift */ = {isa = PBXFileReference; lastKnownFileType = sourcecode.swift; path = DeveloperPreview.swift; sourceTree = "<group>"; };
		46C117492BCFBA3300DFB0C9 /* ExploreViewModel.swift */ = {isa = PBXFileReference; lastKnownFileType = sourcecode.swift; path = ExploreViewModel.swift; sourceTree = "<group>"; };
		46C1174B2BCFBA7E00DFB0C9 /* ExploreSerivce.swift */ = {isa = PBXFileReference; lastKnownFileType = sourcecode.swift; path = ExploreSerivce.swift; sourceTree = "<group>"; };
		46C117502BD0286D00DFB0C9 /* Italiana-Regular.ttf */ = {isa = PBXFileReference; lastKnownFileType = file; path = "Italiana-Regular.ttf"; sourceTree = "<group>"; };
		46C117522BD02A8400DFB0C9 /* Info.plist */ = {isa = PBXFileReference; lastKnownFileType = text.plist; path = Info.plist; sourceTree = "<group>"; };
		46C117532BD06BC600DFB0C9 /* PastDiary.swift */ = {isa = PBXFileReference; lastKnownFileType = sourcecode.swift; path = PastDiary.swift; sourceTree = "<group>"; };
		46EE13AE2BCC071A00119B68 /* POV.app */ = {isa = PBXFileReference; explicitFileType = wrapper.application; includeInIndex = 0; path = POV.app; sourceTree = BUILT_PRODUCTS_DIR; };
		46EE13B12BCC071A00119B68 /* POVApp.swift */ = {isa = PBXFileReference; lastKnownFileType = sourcecode.swift; path = POVApp.swift; sourceTree = "<group>"; };
		46EE13B32BCC071A00119B68 /* ContentView.swift */ = {isa = PBXFileReference; lastKnownFileType = sourcecode.swift; path = ContentView.swift; sourceTree = "<group>"; };
		46EE13B52BCC071B00119B68 /* Assets.xcassets */ = {isa = PBXFileReference; lastKnownFileType = folder.assetcatalog; path = Assets.xcassets; sourceTree = "<group>"; };
		46EE13B82BCC071B00119B68 /* Preview Assets.xcassets */ = {isa = PBXFileReference; lastKnownFileType = folder.assetcatalog; path = "Preview Assets.xcassets"; sourceTree = "<group>"; };
		46EE13D02BCC089C00119B68 /* ExploreView.swift */ = {isa = PBXFileReference; lastKnownFileType = sourcecode.swift; path = ExploreView.swift; sourceTree = "<group>"; };
		46EE13D42BCC124E00119B68 /* ListingDiaryView.swift */ = {isa = PBXFileReference; lastKnownFileType = sourcecode.swift; path = ListingDiaryView.swift; sourceTree = "<group>"; };
/* End PBXFileReference section */

/* Begin PBXFrameworksBuildPhase section */
		46EE13AB2BCC071A00119B68 /* Frameworks */ = {
			isa = PBXFrameworksBuildPhase;
			buildActionMask = 2147483647;
			files = (
			);
			runOnlyForDeploymentPostprocessing = 0;
		};
/* End PBXFrameworksBuildPhase section */

/* Begin PBXGroup section */
		46C117402BCFAA2500DFB0C9 /* Model */ = {
			isa = PBXGroup;
			children = (
				46C117422BCFAA4900DFB0C9 /* Listing.swift */,
			);
			path = Model;
			sourceTree = "<group>";
		};
		46C117412BCFAA2900DFB0C9 /* View */ = {
			isa = PBXGroup;
			children = (
				46EE13D42BCC124E00119B68 /* ListingDiaryView.swift */,
			);
			path = View;
			sourceTree = "<group>";
		};
		46C117462BCFB9B800DFB0C9 /* Service */ = {
			isa = PBXGroup;
			children = (
				46C1174B2BCFBA7E00DFB0C9 /* ExploreSerivce.swift */,
			);
			path = Service;
			sourceTree = "<group>";
		};
		46C117472BCFB9BE00DFB0C9 /* View */ = {
			isa = PBXGroup;
			children = (
				46EE13D02BCC089C00119B68 /* ExploreView.swift */,
				46C1171B2BCD432F00DFB0C9 /* TodayDiary.swift */,
				469EFE442BCC62220098EF05 /* AddDiary.swift */,
				46C1171F2BCD8DE200DFB0C9 /* DiarySection.swift */,
				46C117322BCF0D4000DFB0C9 /* MoodPopup.swift */,
				46C117382BCF3E2700DFB0C9 /* View2.swift */,
				46C1173A2BCF3E3100DFB0C9 /* View3.swift */,
				46C117532BD06BC600DFB0C9 /* PastDiary.swift */,
			);
			path = View;
			sourceTree = "<group>";
		};
		46C117482BCFB9C800DFB0C9 /* ViewModel */ = {
			isa = PBXGroup;
			children = (
				46C117492BCFBA3300DFB0C9 /* ExploreViewModel.swift */,
			);
			path = ViewModel;
			sourceTree = "<group>";
		};
		46C1174E2BD0282C00DFB0C9 /* Resources */ = {
			isa = PBXGroup;
			children = (
				46C1174F2BD0284300DFB0C9 /* Font */,
			);
			path = Resources;
			sourceTree = "<group>";
		};
		46C1174F2BD0284300DFB0C9 /* Font */ = {
			isa = PBXGroup;
			children = (
				46C117502BD0286D00DFB0C9 /* Italiana-Regular.ttf */,
			);
			path = Font;
			sourceTree = "<group>";
		};
		46EE13A52BCC071A00119B68 = {
			isa = PBXGroup;
			children = (
				46EE13B02BCC071A00119B68 /* POV */,
				46EE13AF2BCC071A00119B68 /* Products */,
			);
			sourceTree = "<group>";
		};
		46EE13AF2BCC071A00119B68 /* Products */ = {
			isa = PBXGroup;
			children = (
				46EE13AE2BCC071A00119B68 /* POV.app */,
			);
			name = Products;
			sourceTree = "<group>";
		};
		46EE13B02BCC071A00119B68 /* POV */ = {
			isa = PBXGroup;
			children = (
				46C117522BD02A8400DFB0C9 /* Info.plist */,
				46EE13C22BCC077600119B68 /* App */,
				46EE13C42BCC07C500119B68 /* Core */,
				46EE13C52BCC07D700119B68 /* Extensions */,
				46EE13C62BCC07DC00119B68 /* Models */,
				46EE13C72BCC07E600119B68 /* Utils */,
				46EE13B32BCC071A00119B68 /* ContentView.swift */,
				46EE13B52BCC071B00119B68 /* Assets.xcassets */,
				46EE13B72BCC071B00119B68 /* Preview Content */,
			);
			path = POV;
			sourceTree = "<group>";
		};
		46EE13B72BCC071B00119B68 /* Preview Content */ = {
			isa = PBXGroup;
			children = (
				46EE13B82BCC071B00119B68 /* Preview Assets.xcassets */,
			);
			path = "Preview Content";
			sourceTree = "<group>";
		};
		46EE13C22BCC077600119B68 /* App */ = {
			isa = PBXGroup;
			children = (
				46EE13B12BCC071A00119B68 /* POVApp.swift */,
			);
			path = App;
			sourceTree = "<group>";
		};
		46EE13C42BCC07C500119B68 /* Core */ = {
			isa = PBXGroup;
			children = (
				46C1174E2BD0282C00DFB0C9 /* Resources */,
				46EE13C82BCC080800119B68 /* Explore */,
				46EE13C92BCC080D00119B68 /* Listings */,
				46EE13CE2BCC083800119B68 /* TabBar */,
				46EE13CD2BCC082F00119B68 /* Root */,
			);
			path = Core;
			sourceTree = "<group>";
		};
		46EE13C52BCC07D700119B68 /* Extensions */ = {
			isa = PBXGroup;
			children = (
				46C117442BCFADAC00DFB0C9 /* DeveloperPreview.swift */,
			);
			path = Extensions;
			sourceTree = "<group>";
		};
		46EE13C62BCC07DC00119B68 /* Models */ = {
			isa = PBXGroup;
			children = (
				46C1172A2BCE53FF00DFB0C9 /* DiaryStructure.swift */,
			);
			path = Models;
			sourceTree = "<group>";
		};
		46EE13C72BCC07E600119B68 /* Utils */ = {
			isa = PBXGroup;
			children = (
			);
			path = Utils;
			sourceTree = "<group>";
		};
		46EE13C82BCC080800119B68 /* Explore */ = {
			isa = PBXGroup;
			children = (
				46C117482BCFB9C800DFB0C9 /* ViewModel */,
				46C117472BCFB9BE00DFB0C9 /* View */,
				46C117462BCFB9B800DFB0C9 /* Service */,
			);
			path = Explore;
			sourceTree = "<group>";
		};
		46EE13C92BCC080D00119B68 /* Listings */ = {
			isa = PBXGroup;
			children = (
				46C117412BCFAA2900DFB0C9 /* View */,
				46C117402BCFAA2500DFB0C9 /* Model */,
			);
			path = Listings;
			sourceTree = "<group>";
		};
		46EE13CD2BCC082F00119B68 /* Root */ = {
			isa = PBXGroup;
			children = (
			);
			path = Root;
			sourceTree = "<group>";
		};
		46EE13CE2BCC083800119B68 /* TabBar */ = {
			isa = PBXGroup;
			children = (
				46C1173C2BCF3E6300DFB0C9 /* ContentView2.swift */,
			);
			path = TabBar;
			sourceTree = "<group>";
		};
/* End PBXGroup section */

/* Begin PBXNativeTarget section */
		46EE13AD2BCC071A00119B68 /* POV */ = {
			isa = PBXNativeTarget;
			buildConfigurationList = 46EE13BC2BCC071B00119B68 /* Build configuration list for PBXNativeTarget "POV" */;
			buildPhases = (
				46EE13AA2BCC071A00119B68 /* Sources */,
				46EE13AB2BCC071A00119B68 /* Frameworks */,
				46EE13AC2BCC071A00119B68 /* Resources */,
			);
			buildRules = (
			);
			dependencies = (
			);
			name = POV;
			productName = POV;
			productReference = 46EE13AE2BCC071A00119B68 /* POV.app */;
			productType = "com.apple.product-type.application";
		};
/* End PBXNativeTarget section */

/* Begin PBXProject section */
		46EE13A62BCC071A00119B68 /* Project object */ = {
			isa = PBXProject;
			attributes = {
				BuildIndependentTargetsInParallel = 1;
				LastSwiftUpdateCheck = 1530;
				LastUpgradeCheck = 1530;
				TargetAttributes = {
					46EE13AD2BCC071A00119B68 = {
						CreatedOnToolsVersion = 15.3;
					};
				};
			};
			buildConfigurationList = 46EE13A92BCC071A00119B68 /* Build configuration list for PBXProject "POV" */;
			compatibilityVersion = "Xcode 14.0";
			developmentRegion = en;
			hasScannedForEncodings = 0;
			knownRegions = (
				en,
				Base,
			);
			mainGroup = 46EE13A52BCC071A00119B68;
			productRefGroup = 46EE13AF2BCC071A00119B68 /* Products */;
			projectDirPath = "";
			projectRoot = "";
			targets = (
				46EE13AD2BCC071A00119B68 /* POV */,
			);
		};
/* End PBXProject section */

/* Begin PBXResourcesBuildPhase section */
		46EE13AC2BCC071A00119B68 /* Resources */ = {
			isa = PBXResourcesBuildPhase;
			buildActionMask = 2147483647;
			files = (
				46EE13B92BCC071B00119B68 /* Preview Assets.xcassets in Resources */,
				46EE13B62BCC071B00119B68 /* Assets.xcassets in Resources */,
				46C117512BD0286D00DFB0C9 /* Italiana-Regular.ttf in Resources */,
			);
			runOnlyForDeploymentPostprocessing = 0;
		};
/* End PBXResourcesBuildPhase section */

/* Begin PBXSourcesBuildPhase section */
		46EE13AA2BCC071A00119B68 /* Sources */ = {
			isa = PBXSourcesBuildPhase;
			buildActionMask = 2147483647;
			files = (
				46C1173D2BCF3E6300DFB0C9 /* ContentView2.swift in Sources */,
				46EE13B42BCC071A00119B68 /* ContentView.swift in Sources */,
				46C117542BD06BC600DFB0C9 /* PastDiary.swift in Sources */,
				46C117392BCF3E2700DFB0C9 /* View2.swift in Sources */,
				46C1172B2BCE53FF00DFB0C9 /* DiaryStructure.swift in Sources */,
				46C117332BCF0D4000DFB0C9 /* MoodPopup.swift in Sources */,
				46C1173B2BCF3E3100DFB0C9 /* View3.swift in Sources */,
				46C1174A2BCFBA3300DFB0C9 /* ExploreViewModel.swift in Sources */,
				46EE13D12BCC089C00119B68 /* ExploreView.swift in Sources */,
				46C117432BCFAA4900DFB0C9 /* Listing.swift in Sources */,
				46EE13B22BCC071A00119B68 /* POVApp.swift in Sources */,
				46C1171C2BCD432F00DFB0C9 /* TodayDiary.swift in Sources */,
				46EE13D52BCC124E00119B68 /* ListingDiaryView.swift in Sources */,
				469EFE452BCC62220098EF05 /* AddDiary.swift in Sources */,
				46C117202BCD8DE300DFB0C9 /* DiarySection.swift in Sources */,
				46C117452BCFADAC00DFB0C9 /* DeveloperPreview.swift in Sources */,
				46C1174C2BCFBA7E00DFB0C9 /* ExploreSerivce.swift in Sources */,
			);
			runOnlyForDeploymentPostprocessing = 0;
		};
/* End PBXSourcesBuildPhase section */

/* Begin XCBuildConfiguration section */
		46EE13BA2BCC071B00119B68 /* Debug */ = {
			isa = XCBuildConfiguration;
			buildSettings = {
				ALWAYS_SEARCH_USER_PATHS = NO;
				ASSETCATALOG_COMPILER_GENERATE_SWIFT_ASSET_SYMBOL_EXTENSIONS = YES;
				CLANG_ANALYZER_NONNULL = YES;
				CLANG_ANALYZER_NUMBER_OBJECT_CONVERSION = YES_AGGRESSIVE;
				CLANG_CXX_LANGUAGE_STANDARD = "gnu++20";
				CLANG_ENABLE_MODULES = YES;
				CLANG_ENABLE_OBJC_ARC = YES;
				CLANG_ENABLE_OBJC_WEAK = YES;
				CLANG_WARN_BLOCK_CAPTURE_AUTORELEASING = YES;
				CLANG_WARN_BOOL_CONVERSION = YES;
				CLANG_WARN_COMMA = YES;
				CLANG_WARN_CONSTANT_CONVERSION = YES;
				CLANG_WARN_DEPRECATED_OBJC_IMPLEMENTATIONS = YES;
				CLANG_WARN_DIRECT_OBJC_ISA_USAGE = YES_ERROR;
				CLANG_WARN_DOCUMENTATION_COMMENTS = YES;
				CLANG_WARN_EMPTY_BODY = YES;
				CLANG_WARN_ENUM_CONVERSION = YES;
				CLANG_WARN_INFINITE_RECURSION = YES;
				CLANG_WARN_INT_CONVERSION = YES;
				CLANG_WARN_NON_LITERAL_NULL_CONVERSION = YES;
				CLANG_WARN_OBJC_IMPLICIT_RETAIN_SELF = YES;
				CLANG_WARN_OBJC_LITERAL_CONVERSION = YES;
				CLANG_WARN_OBJC_ROOT_CLASS = YES_ERROR;
				CLANG_WARN_QUOTED_INCLUDE_IN_FRAMEWORK_HEADER = YES;
				CLANG_WARN_RANGE_LOOP_ANALYSIS = YES;
				CLANG_WARN_STRICT_PROTOTYPES = YES;
				CLANG_WARN_SUSPICIOUS_MOVE = YES;
				CLANG_WARN_UNGUARDED_AVAILABILITY = YES_AGGRESSIVE;
				CLANG_WARN_UNREACHABLE_CODE = YES;
				CLANG_WARN__DUPLICATE_METHOD_MATCH = YES;
				COPY_PHASE_STRIP = NO;
				DEBUG_INFORMATION_FORMAT = dwarf;
				ENABLE_STRICT_OBJC_MSGSEND = YES;
				ENABLE_TESTABILITY = YES;
				ENABLE_USER_SCRIPT_SANDBOXING = YES;
				GCC_C_LANGUAGE_STANDARD = gnu17;
				GCC_DYNAMIC_NO_PIC = NO;
				GCC_NO_COMMON_BLOCKS = YES;
				GCC_OPTIMIZATION_LEVEL = 0;
				GCC_PREPROCESSOR_DEFINITIONS = (
					"DEBUG=1",
					"$(inherited)",
				);
				GCC_WARN_64_TO_32_BIT_CONVERSION = YES;
				GCC_WARN_ABOUT_RETURN_TYPE = YES_ERROR;
				GCC_WARN_UNDECLARED_SELECTOR = YES;
				GCC_WARN_UNINITIALIZED_AUTOS = YES_AGGRESSIVE;
				GCC_WARN_UNUSED_FUNCTION = YES;
				GCC_WARN_UNUSED_VARIABLE = YES;
				IPHONEOS_DEPLOYMENT_TARGET = 17.4;
				LOCALIZATION_PREFERS_STRING_CATALOGS = YES;
				MTL_ENABLE_DEBUG_INFO = INCLUDE_SOURCE;
				MTL_FAST_MATH = YES;
				ONLY_ACTIVE_ARCH = YES;
				SDKROOT = iphoneos;
				SWIFT_ACTIVE_COMPILATION_CONDITIONS = "DEBUG $(inherited)";
				SWIFT_OPTIMIZATION_LEVEL = "-Onone";
			};
			name = Debug;
		};
		46EE13BB2BCC071B00119B68 /* Release */ = {
			isa = XCBuildConfiguration;
			buildSettings = {
				ALWAYS_SEARCH_USER_PATHS = NO;
				ASSETCATALOG_COMPILER_GENERATE_SWIFT_ASSET_SYMBOL_EXTENSIONS = YES;
				CLANG_ANALYZER_NONNULL = YES;
				CLANG_ANALYZER_NUMBER_OBJECT_CONVERSION = YES_AGGRESSIVE;
				CLANG_CXX_LANGUAGE_STANDARD = "gnu++20";
				CLANG_ENABLE_MODULES = YES;
				CLANG_ENABLE_OBJC_ARC = YES;
				CLANG_ENABLE_OBJC_WEAK = YES;
				CLANG_WARN_BLOCK_CAPTURE_AUTORELEASING = YES;
				CLANG_WARN_BOOL_CONVERSION = YES;
				CLANG_WARN_COMMA = YES;
				CLANG_WARN_CONSTANT_CONVERSION = YES;
				CLANG_WARN_DEPRECATED_OBJC_IMPLEMENTATIONS = YES;
				CLANG_WARN_DIRECT_OBJC_ISA_USAGE = YES_ERROR;
				CLANG_WARN_DOCUMENTATION_COMMENTS = YES;
				CLANG_WARN_EMPTY_BODY = YES;
				CLANG_WARN_ENUM_CONVERSION = YES;
				CLANG_WARN_INFINITE_RECURSION = YES;
				CLANG_WARN_INT_CONVERSION = YES;
				CLANG_WARN_NON_LITERAL_NULL_CONVERSION = YES;
				CLANG_WARN_OBJC_IMPLICIT_RETAIN_SELF = YES;
				CLANG_WARN_OBJC_LITERAL_CONVERSION = YES;
				CLANG_WARN_OBJC_ROOT_CLASS = YES_ERROR;
				CLANG_WARN_QUOTED_INCLUDE_IN_FRAMEWORK_HEADER = YES;
				CLANG_WARN_RANGE_LOOP_ANALYSIS = YES;
				CLANG_WARN_STRICT_PROTOTYPES = YES;
				CLANG_WARN_SUSPICIOUS_MOVE = YES;
				CLANG_WARN_UNGUARDED_AVAILABILITY = YES_AGGRESSIVE;
				CLANG_WARN_UNREACHABLE_CODE = YES;
				CLANG_WARN__DUPLICATE_METHOD_MATCH = YES;
				COPY_PHASE_STRIP = NO;
				DEBUG_INFORMATION_FORMAT = "dwarf-with-dsym";
				ENABLE_NS_ASSERTIONS = NO;
				ENABLE_STRICT_OBJC_MSGSEND = YES;
				ENABLE_USER_SCRIPT_SANDBOXING = YES;
				GCC_C_LANGUAGE_STANDARD = gnu17;
				GCC_NO_COMMON_BLOCKS = YES;
				GCC_WARN_64_TO_32_BIT_CONVERSION = YES;
				GCC_WARN_ABOUT_RETURN_TYPE = YES_ERROR;
				GCC_WARN_UNDECLARED_SELECTOR = YES;
				GCC_WARN_UNINITIALIZED_AUTOS = YES_AGGRESSIVE;
				GCC_WARN_UNUSED_FUNCTION = YES;
				GCC_WARN_UNUSED_VARIABLE = YES;
				IPHONEOS_DEPLOYMENT_TARGET = 17.4;
				LOCALIZATION_PREFERS_STRING_CATALOGS = YES;
				MTL_ENABLE_DEBUG_INFO = NO;
				MTL_FAST_MATH = YES;
				SDKROOT = iphoneos;
				SWIFT_COMPILATION_MODE = wholemodule;
				VALIDATE_PRODUCT = YES;
			};
			name = Release;
		};
		46EE13BD2BCC071B00119B68 /* Debug */ = {
			isa = XCBuildConfiguration;
			buildSettings = {
				ASSETCATALOG_COMPILER_APPICON_NAME = AppIcon;
				ASSETCATALOG_COMPILER_GLOBAL_ACCENT_COLOR_NAME = AccentColor;
				CODE_SIGN_STYLE = Automatic;
				CURRENT_PROJECT_VERSION = 1;
				DEVELOPMENT_ASSET_PATHS = "\"POV/Preview Content\"";
				DEVELOPMENT_TEAM = 5GCYZU3KDQ;
				ENABLE_PREVIEWS = YES;
				GENERATE_INFOPLIST_FILE = YES;
				INFOPLIST_FILE = POV/Info.plist;
				INFOPLIST_KEY_UIApplicationSceneManifest_Generation = YES;
				INFOPLIST_KEY_UIApplicationSupportsIndirectInputEvents = YES;
				INFOPLIST_KEY_UILaunchScreen_Generation = YES;
				INFOPLIST_KEY_UISupportedInterfaceOrientations_iPad = "UIInterfaceOrientationPortrait UIInterfaceOrientationPortraitUpsideDown UIInterfaceOrientationLandscapeLeft UIInterfaceOrientationLandscapeRight";
				INFOPLIST_KEY_UISupportedInterfaceOrientations_iPhone = "UIInterfaceOrientationPortrait UIInterfaceOrientationLandscapeLeft UIInterfaceOrientationLandscapeRight";
				LD_RUNPATH_SEARCH_PATHS = (
					"$(inherited)",
					"@executable_path/Frameworks",
				);
				MARKETING_VERSION = 1.0;
				PRODUCT_BUNDLE_IDENTIFIER = aaa.POV;
				PRODUCT_NAME = "$(TARGET_NAME)";
				SWIFT_EMIT_LOC_STRINGS = YES;
				SWIFT_VERSION = 5.0;
				TARGETED_DEVICE_FAMILY = "1,2";
			};
			name = Debug;
		};
		46EE13BE2BCC071B00119B68 /* Release */ = {
			isa = XCBuildConfiguration;
			buildSettings = {
				ASSETCATALOG_COMPILER_APPICON_NAME = AppIcon;
				ASSETCATALOG_COMPILER_GLOBAL_ACCENT_COLOR_NAME = AccentColor;
				CODE_SIGN_STYLE = Automatic;
				CURRENT_PROJECT_VERSION = 1;
				DEVELOPMENT_ASSET_PATHS = "\"POV/Preview Content\"";
				DEVELOPMENT_TEAM = 5GCYZU3KDQ;
				ENABLE_PREVIEWS = YES;
				GENERATE_INFOPLIST_FILE = YES;
				INFOPLIST_FILE = POV/Info.plist;
				INFOPLIST_KEY_UIApplicationSceneManifest_Generation = YES;
				INFOPLIST_KEY_UIApplicationSupportsIndirectInputEvents = YES;
				INFOPLIST_KEY_UILaunchScreen_Generation = YES;
				INFOPLIST_KEY_UISupportedInterfaceOrientations_iPad = "UIInterfaceOrientationPortrait UIInterfaceOrientationPortraitUpsideDown UIInterfaceOrientationLandscapeLeft UIInterfaceOrientationLandscapeRight";
				INFOPLIST_KEY_UISupportedInterfaceOrientations_iPhone = "UIInterfaceOrientationPortrait UIInterfaceOrientationLandscapeLeft UIInterfaceOrientationLandscapeRight";
				LD_RUNPATH_SEARCH_PATHS = (
					"$(inherited)",
					"@executable_path/Frameworks",
				);
				MARKETING_VERSION = 1.0;
				PRODUCT_BUNDLE_IDENTIFIER = aaa.POV;
				PRODUCT_NAME = "$(TARGET_NAME)";
				SWIFT_EMIT_LOC_STRINGS = YES;
				SWIFT_VERSION = 5.0;
				TARGETED_DEVICE_FAMILY = "1,2";
			};
			name = Release;
		};
/* End XCBuildConfiguration section */

/* Begin XCConfigurationList section */
		46EE13A92BCC071A00119B68 /* Build configuration list for PBXProject "POV" */ = {
			isa = XCConfigurationList;
			buildConfigurations = (
				46EE13BA2BCC071B00119B68 /* Debug */,
				46EE13BB2BCC071B00119B68 /* Release */,
			);
			defaultConfigurationIsVisible = 0;
			defaultConfigurationName = Release;
		};
		46EE13BC2BCC071B00119B68 /* Build configuration list for PBXNativeTarget "POV" */ = {
			isa = XCConfigurationList;
			buildConfigurations = (
				46EE13BD2BCC071B00119B68 /* Debug */,
				46EE13BE2BCC071B00119B68 /* Release */,
			);
			defaultConfigurationIsVisible = 0;
			defaultConfigurationName = Release;
		};
/* End XCConfigurationList section */
	};
	rootObject = 46EE13A62BCC071A00119B68 /* Project object */;
}
